{
  "name": "pi-go",
  "version": "1.0.0",
  "lockfileVersion": 1,
  "requires": true,
  "dependencies": {
    "@sabaki/gtp": {
      "version": "1.1.0",
      "resolved": "https://registry.npmjs.org/@sabaki/gtp/-/gtp-1.1.0.tgz",
      "integrity": "sha512-fqcQEMuaGiGN6xZxUunpUuV/YkVZrwdPzbIS0ebJ7AiwB6ReSf29zsRKaugQWxOivnrxONwiG1RajjG00c2dYQ=="
    }
  }
}
